
Microsoft Visual Studio Solution File, Format Version 12.00
# Blend for Visual Studio Version 17
VisualStudioVersion = 17.7.34221.43
MinimumVisualStudioVersion = 10.0.40219.1
Project("{FAE04EC0-301F-11D3-BF4B-00C04F79EFBC}") = "ЛР6", "ЛР6\ЛР6.csproj", "{C6EE9C2E-A4A6-4FE4-B390-9CDD31DE4460}"
EndProject
Global
	GlobalSection(SolutionConfigurationPlatforms) = preSolution
		Debug|Any CPU = Debug|Any CPU
		Release|Any CPU = Release|Any CPU
	EndGlobalSection
	GlobalSection(ProjectConfigurationPlatforms) = postSolution
		{C6EE9C2E-A4A6-4FE4-B390-9CDD31DE4460}.Debug|Any CPU.ActiveCfg = Debug|Any CPU
		{C6EE9C2E-A4A6-4FE4-B390-9CDD31DE4460}.Debug|Any CPU.Build.0 = Debug|Any CPU
		{C6EE9C2E-A4A6-4FE4-B390-9CDD31DE4460}.Release|Any CPU.ActiveCfg = Release|Any CPU
		{C6EE9C2E-A4A6-4FE4-B390-9CDD31DE4460}.Release|Any CPU.Build.0 = Release|Any CPU
	EndGlobalSection
	GlobalSection(SolutionProperties) = preSolution
		HideSolutionNode = FALSE
	EndGlobalSection
	GlobalSection(ExtensibilityGlobals) = postSolution
		SolutionGuid = {329066AE-84F1-4FFE-83FA-BE6CCC4736CB}
	EndGlobalSection
EndGlobal
